// !$*UTF8*$!
{
	archiveVersion = 1;
	classes = {
	};
	objectVersion = 46;
	objects = {

/* Begin PBXBuildFile section */
		48B8713A1F0B8F8200F96ADD /* main.m in Sources */ = {isa = PBXBuildFile; fileRef = 48B871391F0B8F8200F96ADD /* main.m */; };
		48B8713D1F0B8F8200F96ADD /* AppDelegate.m in Sources */ = {isa = PBXBuildFile; fileRef = 48B8713C1F0B8F8200F96ADD /* AppDelegate.m */; };
		48B871401F0B8F8200F96ADD /* ViewController.m in Sources */ = {isa = PBXBuildFile; fileRef = 48B8713F1F0B8F8200F96ADD /* ViewController.m */; };
		48B871431F0B8F8200F96ADD /* Main.storyboard in Resources */ = {isa = PBXBuildFile; fileRef = 48B871411F0B8F8200F96ADD /* Main.storyboard */; };
		48B871451F0B8F8200F96ADD /* Assets.xcassets in Resources */ = {isa = PBXBuildFile; fileRef = 48B871441F0B8F8200F96ADD /* Assets.xcassets */; };
		48B871481F0B8F8200F96ADD /* LaunchScreen.storyboard in Resources */ = {isa = PBXBuildFile; fileRef = 48B871461F0B8F8200F96ADD /* LaunchScreen.storyboard */; };
		48BFE8C81F1473C000C275DE /* test.html in Resources */ = {isa = PBXBuildFile; fileRef = 48BFE8C71F1473C000C275DE /* test.html */; };
		48BFE8CB1F14C38800C275DE /* HMWKWebViewHandler+Demo.m in Sources */ = {isa = PBXBuildFile; fileRef = 48BFE8CA1F14C38800C275DE /* HMWKWebViewHandler+Demo.m */; };
		AFF2A34965763F64536D1D8C /* Pods_HMWKWebViewHandler.framework in Frameworks */ = {isa = PBXBuildFile; fileRef = C812A697EA0C2D60BE8E088E /* Pods_HMWKWebViewHandler.framework */; };
/* End PBXBuildFile section */

/* Begin PBXFileReference section */
		48B871351F0B8F8200F96ADD /* HMWKWebViewHandler.app */ = {isa = PBXFileReference; explicitFileType = wrapper.application; includeInIndex = 0; path = HMWKWebViewHandler.app; sourceTree = BUILT_PRODUCTS_DIR; };
		48B871391F0B8F8200F96ADD /* main.m */ = {isa = PBXFileReference; lastKnownFileType = sourcecode.c.objc; path = main.m; sourceTree = "<group>"; };
		48B8713B1F0B8F8200F96ADD /* AppDelegate.h */ = {isa = PBXFileReference; lastKnownFileType = sourcecode.c.h; path = AppDelegate.h; sourceTree = "<group>"; };
		48B8713C1F0B8F8200F96ADD /* AppDelegate.m */ = {isa = PBXFileReference; lastKnownFileType = sourcecode.c.objc; path = AppDelegate.m; sourceTree = "<group>"; };
		48B8713E1F0B8F8200F96ADD /* ViewController.h */ = {isa = PBXFileReference; lastKnownFileType = sourcecode.c.h; path = ViewController.h; sourceTree = "<group>"; };
		48B8713F1F0B8F8200F96ADD /* ViewController.m */ = {isa = PBXFileReference; lastKnownFileType = sourcecode.c.objc; path = ViewController.m; sourceTree = "<group>"; };
		48B871421F0B8F8200F96ADD /* Base */ = {isa = PBXFileReference; lastKnownFileType = file.storyboard; name = Base; path = Base.lproj/Main.storyboard; sourceTree = "<group>"; };
		48B871441F0B8F8200F96ADD /* Assets.xcassets */ = {isa = PBXFileReference; lastKnownFileType = folder.assetcatalog; path = Assets.xcassets; sourceTree = "<group>"; };
		48B871471F0B8F8200F96ADD /* Base */ = {isa = PBXFileReference; lastKnownFileType = file.storyboard; name = Base; path = Base.lproj/LaunchScreen.storyboard; sourceTree = "<group>"; };
		48B871491F0B8F8200F96ADD /* Info.plist */ = {isa = PBXFileReference; lastKnownFileType = text.plist.xml; path = Info.plist; sourceTree = "<group>"; };
		48BFE8C71F1473C000C275DE /* test.html */ = {isa = PBXFileReference; fileEncoding = 4; lastKnownFileType = text.html; path = test.html; sourceTree = "<group>"; };
		48BFE8C91F14C38800C275DE /* HMWKWebViewHandler+Demo.h */ = {isa = PBXFileReference; fileEncoding = 4; lastKnownFileType = sourcecode.c.h; path = "HMWKWebViewHandler+Demo.h"; sourceTree = "<group>"; };
		48BFE8CA1F14C38800C275DE /* HMWKWebViewHandler+Demo.m */ = {isa = PBXFileReference; fileEncoding = 4; lastKnownFileType = sourcecode.c.objc; path = "HMWKWebViewHandler+Demo.m"; sourceTree = "<group>"; };
		9388AFBFD4702177E7ACC3ED /* Pods-HMWKWebViewHandler.debug.xcconfig */ = {isa = PBXFileReference; includeInIndex = 1; lastKnownFileType = text.xcconfig; name = "Pods-HMWKWebViewHandler.debug.xcconfig"; path = "Pods/Target Support Files/Pods-HMWKWebViewHandler/Pods-HMWKWebViewHandler.debug.xcconfig"; sourceTree = "<group>"; };
		C812A697EA0C2D60BE8E088E /* Pods_HMWKWebViewHandler.framework */ = {isa = PBXFileReference; explicitFileType = wrapper.framework; includeInIndex = 0; path = Pods_HMWKWebViewHandler.framework; sourceTree = BUILT_PRODUCTS_DIR; };
		C8D64824324EAAC1BAEF6A3B /* Pods-HMWKWebViewHandler.release.xcconfig */ = {isa = PBXFileReference; includeInIndex = 1; lastKnownFileType = text.xcconfig; name = "Pods-HMWKWebViewHandler.release.xcconfig"; path = "Pods/Target Support Files/Pods-HMWKWebViewHandler/Pods-HMWKWebViewHandler.release.xcconfig"; sourceTree = "<group>"; };
/* End PBXFileReference section */

/* Begin PBXFrameworksBuildPhase section */
		48B871321F0B8F8200F96ADD /* Frameworks */ = {
			isa = PBXFrameworksBuildPhase;
			buildActionMask = 2147483647;
			files = (
				AFF2A34965763F64536D1D8C /* Pods_HMWKWebViewHandler.framework in Frameworks */,
			);
			runOnlyForDeploymentPostprocessing = 0;
		};
/* End PBXFrameworksBuildPhase section */

/* Begin PBXGroup section */
		48B8712C1F0B8F8200F96ADD = {
			isa = PBXGroup;
			children = (
				48B871371F0B8F8200F96ADD /* HMWKWebViewHandler */,
				48B871361F0B8F8200F96ADD /* Products */,
				AE99FFA443C12139A171AA24 /* Pods */,
				B78D15F48B3ABCABD8BAB351 /* Frameworks */,
			);
			sourceTree = "<group>";
		};
		48B871361F0B8F8200F96ADD /* Products */ = {
			isa = PBXGroup;
			children = (
				48B871351F0B8F8200F96ADD /* HMWKWebViewHandler.app */,
			);
			name = Products;
			sourceTree = "<group>";
		};
		48B871371F0B8F8200F96ADD /* HMWKWebViewHandler */ = {
			isa = PBXGroup;
			children = (
				48B8713B1F0B8F8200F96ADD /* AppDelegate.h */,
				48B8713C1F0B8F8200F96ADD /* AppDelegate.m */,
				48B8713E1F0B8F8200F96ADD /* ViewController.h */,
				48B8713F1F0B8F8200F96ADD /* ViewController.m */,
				48BFE8C91F14C38800C275DE /* HMWKWebViewHandler+Demo.h */,
				48BFE8CA1F14C38800C275DE /* HMWKWebViewHandler+Demo.m */,
				48BFE8C71F1473C000C275DE /* test.html */,
				48B871411F0B8F8200F96ADD /* Main.storyboard */,
				48B871441F0B8F8200F96ADD /* Assets.xcassets */,
				48B871461F0B8F8200F96ADD /* LaunchScreen.storyboard */,
				48B871491F0B8F8200F96ADD /* Info.plist */,
				48B871381F0B8F8200F96ADD /* Supporting Files */,
			);
			path = HMWKWebViewHandler;
			sourceTree = "<group>";
		};
		48B871381F0B8F8200F96ADD /* Supporting Files */ = {
			isa = PBXGroup;
			children = (
				48B871391F0B8F8200F96ADD /* main.m */,
			);
			name = "Supporting Files";
			sourceTree = "<group>";
		};
		AE99FFA443C12139A171AA24 /* Pods */ = {
			isa = PBXGroup;
			children = (
				9388AFBFD4702177E7ACC3ED /* Pods-HMWKWebViewHandler.debug.xcconfig */,
				C8D64824324EAAC1BAEF6A3B /* Pods-HMWKWebViewHandler.release.xcconfig */,
			);
			name = Pods;
			sourceTree = "<group>";
		};
		B78D15F48B3ABCABD8BAB351 /* Frameworks */ = {
			isa = PBXGroup;
			children = (
				C812A697EA0C2D60BE8E088E /* Pods_HMWKWebViewHandler.framework */,
			);
			name = Frameworks;
			sourceTree = "<group>";
		};
/* End PBXGroup section */

/* Begin PBXNativeTarget section */
		48B871341F0B8F8200F96ADD /* HMWKWebViewHandler */ = {
			isa = PBXNativeTarget;
			buildConfigurationList = 48B8714C1F0B8F8200F96ADD /* Build configuration list for PBXNativeTarget "HMWKWebViewHandler" */;
			buildPhases = (
				BBEA56F2CAF6D43B17D2B6D8 /* [CP] Check Pods Manifest.lock */,
				48B871311F0B8F8200F96ADD /* Sources */,
				48B871321F0B8F8200F96ADD /* Frameworks */,
				48B871331F0B8F8200F96ADD /* Resources */,
				DF5BE6561F33DB82BD7D654B /* [CP] Embed Pods Frameworks */,
				C937E1EF4F7DF3F0849BEC77 /* [CP] Copy Pods Resources */,
			);
			buildRules = (
			);
			dependencies = (
			);
			name = HMWKWebViewHandler;
			productName = HMWKWebViewHandler;
			productReference = 48B871351F0B8F8200F96ADD /* HMWKWebViewHandler.app */;
			productType = "com.apple.product-type.application";
		};
/* End PBXNativeTarget section */

/* Begin PBXProject section */
		48B8712D1F0B8F8200F96ADD /* Project object */ = {
			isa = PBXProject;
			attributes = {
				LastUpgradeCheck = 0830;
				ORGANIZATIONNAME = Beta_Cao;
				TargetAttributes = {
					48B871341F0B8F8200F96ADD = {
						CreatedOnToolsVersion = 8.3.2;
						DevelopmentTeam = 6FFGT2HSCN;
						ProvisioningStyle = Automatic;
					};
				};
			};
			buildConfigurationList = 48B871301F0B8F8200F96ADD /* Build configuration list for PBXProject "HMWKWebViewHandler" */;
			compatibilityVersion = "Xcode 3.2";
			developmentRegion = English;
			hasScannedForEncodings = 0;
			knownRegions = (
				en,
				Base,
			);
			mainGroup = 48B8712C1F0B8F8200F96ADD;
			productRefGroup = 48B871361F0B8F8200F96ADD /* Products */;
			projectDirPath = "";
			projectRoot = "";
			targets = (
				48B871341F0B8F8200F96ADD /* HMWKWebViewHandler */,
			);
		};
/* End PBXProject section */

/* Begin PBXResourcesBuildPhase section */
		48B871331F0B8F8200F96ADD /* Resources */ = {
			isa = PBXResourcesBuildPhase;
			buildActionMask = 2147483647;
			files = (
				48BFE8C81F1473C000C275DE /* test.html in Resources */,
				48B871481F0B8F8200F96ADD /* LaunchScreen.storyboard in Resources */,
				48B871451F0B8F8200F96ADD /* Assets.xcassets in Resources */,
				48B871431F0B8F8200F96ADD /* Main.storyboard in Resources */,
			);
			runOnlyForDeploymentPostprocessing = 0;
		};
/* End PBXResourcesBuildPhase section */

/* Begin PBXShellScriptBuildPhase section */
		BBEA56F2CAF6D43B17D2B6D8 /* [CP] Check Pods Manifest.lock */ = {
			isa = PBXShellScriptBuildPhase;
			buildActionMask = 2147483647;
			files = (
			);
			inputPaths = (
			);
			name = "[CP] Check Pods Manifest.lock";
			outputPaths = (
			);
			runOnlyForDeploymentPostprocessing = 0;
			shellPath = /bin/sh;
			shellScript = "diff \"${PODS_PODFILE_DIR_PATH}/Podfile.lock\" \"${PODS_ROOT}/Manifest.lock\" > /dev/null\nif [ $? != 0 ] ; then\n    # print error to STDERR\n    echo \"error: The sandbox is not in sync with the Podfile.lock. Run 'pod install' or update your CocoaPods installation.\" >&2\n    exit 1\nfi\n";
			showEnvVarsInLog = 0;
		};
		C937E1EF4F7DF3F0849BEC77 /* [CP] Copy Pods Resources */ = {
			isa = PBXShellScriptBuildPhase;
			buildActionMask = 2147483647;
			files = (
			);
			inputPaths = (
			);
			name = "[CP] Copy Pods Resources";
			outputPaths = (
			);
			runOnlyForDeploymentPostprocessing = 0;
			shellPath = /bin/sh;
			shellScript = "\"${SRCROOT}/Pods/Target Support Files/Pods-HMWKWebViewHandler/Pods-HMWKWebViewHandler-resources.sh\"\n";
			showEnvVarsInLog = 0;
		};
		DF5BE6561F33DB82BD7D654B /* [CP] Embed Pods Frameworks */ = {
			isa = PBXShellScriptBuildPhase;
			buildActionMask = 2147483647;
			files = (
			);
			inputPaths = (
			);
			name = "[CP] Embed Pods Frameworks";
			outputPaths = (
			);
			runOnlyForDeploymentPostprocessing = 0;
			shellPath = /bin/sh;
			shellScript = "\"${SRCROOT}/Pods/Target Support Files/Pods-HMWKWebViewHandler/Pods-HMWKWebViewHandler-frameworks.sh\"\n";
			showEnvVarsInLog = 0;
		};
/* End PBXShellScriptBuildPhase section */

/* Begin PBXSourcesBuildPhase section */
		48B871311F0B8F8200F96ADD /* Sources */ = {
			isa = PBXSourcesBuildPhase;
			buildActionMask = 2147483647;
			files = (
				48B871401F0B8F8200F96ADD /* ViewController.m in Sources */,
				48B8713D1F0B8F8200F96ADD /* AppDelegate.m in Sources */,
				48BFE8CB1F14C38800C275DE /* HMWKWebViewHandler+Demo.m in Sources */,
				48B8713A1F0B8F8200F96ADD /* main.m in Sources */,
			);
			runOnlyForDeploymentPostprocessing = 0;
		};
/* End PBXSourcesBuildPhase section */

/* Begin PBXVariantGroup section */
		48B871411F0B8F8200F96ADD /* Main.storyboard */ = {
			isa = PBXVariantGroup;
			children = (
				48B871421F0B8F8200F96ADD /* Base */,
			);
			name = Main.storyboard;
			sourceTree = "<group>";
		};
		48B871461F0B8F8200F96ADD /* LaunchScreen.storyboard */ = {
			isa = PBXVariantGroup;
			children = (
				48B871471F0B8F8200F96ADD /* Base */,
			);
			name = LaunchScreen.storyboard;
			sourceTree = "<group>";
		};
/* End PBXVariantGroup section */

/* Begin XCBuildConfiguration section */
		48B8714A1F0B8F8200F96ADD /* Debug */ = {
			isa = XCBuildConfiguration;
			buildSettings = {
				ALWAYS_SEARCH_USER_PATHS = NO;
				CLANG_ANALYZER_NONNULL = YES;
				CLANG_ANALYZER_NUMBER_OBJECT_CONVERSION = YES_AGGRESSIVE;
				CLANG_CXX_LANGUAGE_STANDARD = "gnu++0x";
				CLANG_CXX_LIBRARY = "libc++";
				CLANG_ENABLE_MODULES = YES;
				CLANG_ENABLE_OBJC_ARC = YES;
				CLANG_WARN_BOOL_CONVERSION = YES;
				CLANG_WARN_CONSTANT_CONVERSION = YES;
				CLANG_WARN_DIRECT_OBJC_ISA_USAGE = YES_ERROR;
				CLANG_WARN_DOCUMENTATION_COMMENTS = YES;
				CLANG_WARN_EMPTY_BODY = YES;
				CLANG_WARN_ENUM_CONVERSION = YES;
				CLANG_WARN_INFINITE_RECURSION = YES;
				CLANG_WARN_INT_CONVERSION = YES;
				CLANG_WARN_OBJC_ROOT_CLASS = YES_ERROR;
				CLANG_WARN_SUSPICIOUS_MOVE = YES;
				CLANG_WARN_UNREACHABLE_CODE = YES;
				CLANG_WARN__DUPLICATE_METHOD_MATCH = YES;
				"CODE_SIGN_IDENTITY[sdk=iphoneos*]" = "iPhone Developer";
				COPY_PHASE_STRIP = NO;
				DEBUG_INFORMATION_FORMAT = dwarf;
				ENABLE_STRICT_OBJC_MSGSEND = YES;
				ENABLE_TESTABILITY = YES;
				GCC_C_LANGUAGE_STANDARD = gnu99;
				GCC_DYNAMIC_NO_PIC = NO;
				GCC_NO_COMMON_BLOCKS = YES;
				GCC_OPTIMIZATION_LEVEL = 0;
				GCC_PREPROCESSOR_DEFINITIONS = (
					"DEBUG=1",
					"$(inherited)",
				);
				GCC_WARN_64_TO_32_BIT_CONVERSION = YES;
				GCC_WARN_ABOUT_RETURN_TYPE = YES_ERROR;
				GCC_WARN_UNDECLARED_SELECTOR = YES;
				GCC_WARN_UNINITIALIZED_AUTOS = YES_AGGRESSIVE;
				GCC_WARN_UNUSED_FUNCTION = YES;
				GCC_WARN_UNUSED_VARIABLE = YES;
				IPHONEOS_DEPLOYMENT_TARGET = 10.3;
				MTL_ENABLE_DEBUG_INFO = YES;
				ONLY_ACTIVE_ARCH = YES;
				SDKROOT = iphoneos;
				TARGETED_DEVICE_FAMILY = "1,2";
			};
			name = Debug;
		};
		48B8714B1F0B8F8200F96ADD /* Release */ = {
			isa = XCBuildConfiguration;
			buildSettings = {
				ALWAYS_SEARCH_USER_PATHS = NO;
				CLANG_ANALYZER_NONNULL = YES;
				CLANG_ANALYZER_NUMBER_OBJECT_CONVERSION = YES_AGGRESSIVE;
				CLANG_CXX_LANGUAGE_STANDARD = "gnu++0x";
				CLANG_CXX_LIBRARY = "libc++";
				CLANG_ENABLE_MODULES = YES;
				CLANG_ENABLE_OBJC_ARC = YES;
				CLANG_WARN_BOOL_CONVERSION = YES;
				CLANG_WARN_CONSTANT_CONVERSION = YES;
				CLANG_WARN_DIRECT_OBJC_ISA_USAGE = YES_ERROR;
				CLANG_WARN_DOCUMENTATION_COMMENTS = YES;
				CLANG_WARN_EMPTY_BODY = YES;
				CLANG_WARN_ENUM_CONVERSION = YES;
				CLANG_WARN_INFINITE_RECURSION = YES;
				CLANG_WARN_INT_CONVERSION = YES;
				CLANG_WARN_OBJC_ROOT_CLASS = YES_ERROR;
				CLANG_WARN_SUSPICIOUS_MOVE = YES;
				CLANG_WARN_UNREACHABLE_CODE = YES;
				CLANG_WARN__DUPLICATE_METHOD_MATCH = YES;
				"CODE_SIGN_IDENTITY[sdk=iphoneos*]" = "iPhone Developer";
				COPY_PHASE_STRIP = NO;
				DEBUG_INFORMATION_FORMAT = "dwarf-with-dsym";
				ENABLE_NS_ASSERTIONS = NO;
				ENABLE_STRICT_OBJC_MSGSEND = YES;
				GCC_C_LANGUAGE_STANDARD = gnu99;
				GCC_NO_COMMON_BLOCKS = YES;
				GCC_WARN_64_TO_32_BIT_CONVERSION = YES;
				GCC_WARN_ABOUT_RETURN_TYPE = YES_ERROR;
				GCC_WARN_UNDECLARED_SELECTOR = YES;
				GCC_WARN_UNINITIALIZED_AUTOS = YES_AGGRESSIVE;
				GCC_WARN_UNUSED_FUNCTION = YES;
				GCC_WARN_UNUSED_VARIABLE = YES;
				IPHONEOS_DEPLOYMENT_TARGET = 10.3;
				MTL_ENABLE_DEBUG_INFO = NO;
				SDKROOT = iphoneos;
				TARGETED_DEVICE_FAMILY = "1,2";
				VALIDATE_PRODUCT = YES;
			};
			name = Release;
		};
		48B8714D1F0B8F8200F96ADD /* Debug */ = {
			isa = XCBuildConfiguration;
			baseConfigurationReference = 9388AFBFD4702177E7ACC3ED /* Pods-HMWKWebViewHandler.debug.xcconfig */;
			buildSettings = {
				ASSETCATALOG_COMPILER_APPICON_NAME = AppIcon;
				DEVELOPMENT_TEAM = 6FFGT2HSCN;
				INFOPLIST_FILE = HMWKWebViewHandler/Info.plist;
				LD_RUNPATH_SEARCH_PATHS = "$(inherited) @executable_path/Frameworks";
				PRODUCT_BUNDLE_IDENTIFIER = trendmicro.HMWKWebViewHandler;
				PRODUCT_NAME = "$(TARGET_NAME)";
			};
			name = Debug;
		};
		48B8714E1F0B8F8200F96ADD /* Release */ = {
			isa = XCBuildConfiguration;
			baseConfigurationReference = C8D64824324EAAC1BAEF6A3B /* Pods-HMWKWebViewHandler.release.xcconfig */;
			buildSettings = {
				ASSETCATALOG_COMPILER_APPICON_NAME = AppIcon;
				DEVELOPMENT_TEAM = 6FFGT2HSCN;
				INFOPLIST_FILE = HMWKWebViewHandler/Info.plist;
				LD_RUNPATH_SEARCH_PATHS = "$(inherited) @executable_path/Frameworks";
				PRODUCT_BUNDLE_IDENTIFIER = trendmicro.HMWKWebViewHandler;
				PRODUCT_NAME = "$(TARGET_NAME)";
			};
			name = Release;
		};
/* End XCBuildConfiguration section */

/* Begin XCConfigurationList section */
		48B871301F0B8F8200F96ADD /* Build configuration list for PBXProject "HMWKWebViewHandler" */ = {
			isa = XCConfigurationList;
			buildConfigurations = (
				48B8714A1F0B8F8200F96ADD /* Debug */,
				48B8714B1F0B8F8200F96ADD /* Release */,
			);
			defaultConfigurationIsVisible = 0;
			defaultConfigurationName = Release;
		};
		48B8714C1F0B8F8200F96ADD /* Build configuration list for PBXNativeTarget "HMWKWebViewHandler" */ = {
			isa = XCConfigurationList;
			buildConfigurations = (
				48B8714D1F0B8F8200F96ADD /* Debug */,
				48B8714E1F0B8F8200F96ADD /* Release */,
			);
			defaultConfigurationIsVisible = 0;
			defaultConfigurationName = Release;
		};
/* End XCConfigurationList section */
	};
	rootObject = 48B8712D1F0B8F8200F96ADD /* Project object */;
}
